
Microsoft Visual Studio Solution File, Format Version 12.00
# Visual Studio Version 17
VisualStudioVersion = 17.3.32929.385
MinimumVisualStudioVersion = 10.0.40219.1
Project("{8BC9CEB8-8B4A-11D0-8D11-00A0C91BC942}") = "T33GEDIT", "T33GEDIT.vcxproj", "{FEFC4890-E84D-4ABE-AEA0-7FCADDDDE16C}"
EndProject
Global
	GlobalSection(SolutionConfigurationPlatforms) = preSolution
		Debug|Win32 = Debug|Win32
		Release|Win32 = Release|Win32
	EndGlobalSection
	GlobalSection(ProjectConfigurationPlatforms) = postSolution
		{FEFC4890-E84D-4ABE-AEA0-7FCADDDDE16C}.Debug|Win32.ActiveCfg = Debug|Win32
		{FEFC4890-E84D-4ABE-AEA0-7FCADDDDE16C}.Debug|Win32.Build.0 = Debug|Win32
		{FEFC4890-E84D-4ABE-AEA0-7FCADDDDE16C}.Release|Win32.ActiveCfg = Release|Win32
		{FEFC4890-E84D-4ABE-AEA0-7FCADDDDE16C}.Release|Win32.Build.0 = Release|Win32
	EndGlobalSection
	GlobalSection(SolutionProperties) = preSolution
		HideSolutionNode = FALSE
	EndGlobalSection
	GlobalSection(ExtensibilityGlobals) = postSolution
		SolutionGuid = {079992E2-87BC-4F24-99B2-208E82AF63A8}
	EndGlobalSection
EndGlobal
